
Microsoft Visual Studio Solution File, Format Version 12.00
# Visual Studio Version 16
VisualStudioVersion = 16.0.28922.388
MinimumVisualStudioVersion = 10.0.40219.1
Project("{FAE04EC0-301F-11D3-BF4B-00C04F79EFBC}") = "ConsoleAppExpress", "ConsoleAppExpress\ConsoleAppExpress.csproj", "{A5516FA1-B436-43F4-836A-55622777952B}"
EndProject
Global
	GlobalSection(SolutionConfigurationPlatforms) = preSolution
		Debug|Any CPU = Debug|Any CPU
		Release|Any CPU = Release|Any CPU
	EndGlobalSection
	GlobalSection(ProjectConfigurationPlatforms) = postSolution
		{A5516FA1-B436-43F4-836A-55622777952B}.Debug|Any CPU.ActiveCfg = Debug|Any CPU
		{A5516FA1-B436-43F4-836A-55622777952B}.Debug|Any CPU.Build.0 = Debug|Any CPU
		{A5516FA1-B436-43F4-836A-55622777952B}.Release|Any CPU.ActiveCfg = Release|Any CPU
		{A5516FA1-B436-43F4-836A-55622777952B}.Release|Any CPU.Build.0 = Release|Any CPU
	EndGlobalSection
	GlobalSection(SolutionProperties) = preSolution
		HideSolutionNode = FALSE
	EndGlobalSection
	GlobalSection(ExtensibilityGlobals) = postSolution
		SolutionGuid = {01ADE701-3417-4633-8361-C984A9E5F429}
	EndGlobalSection
EndGlobal
